
Microsoft Visual Studio Solution File, Format Version 12.00
# TcXaeShell Solution File, Format Version 11.00
VisualStudioVersion = 17.7.34302.85
MinimumVisualStudioVersion = 10.0.40219.1
Project("{B1E792BE-AA5F-4E3C-8C82-674BF9C0715B}") = "nepionic-packml-test", "test\nepionic-packml-test.tsproj", "{8204D287-F0E8-4618-B6D3-B5782B4F5137}"
EndProject
Project("{DFBE7525-6864-4E62-8B2E-D530D69D9D96}") = "nepionic-packml", "main\nepionic-packml.tspproj", "{44AFE713-155B-42DC-9529-6BB08F0027E4}"
EndProject
Global
	GlobalSection(SolutionConfigurationPlatforms) = preSolution
		Debug|TwinCAT OS (ARMV7-A) = Debug|TwinCAT OS (ARMV7-A)
		Debug|TwinCAT OS (ARMV7-M) = Debug|TwinCAT OS (ARMV7-M)
		Debug|TwinCAT OS (ARMV8-A) = Debug|TwinCAT OS (ARMV8-A)
		Debug|TwinCAT OS (x64) = Debug|TwinCAT OS (x64)
		Debug|TwinCAT RT (x64) = Debug|TwinCAT RT (x64)
		Debug|TwinCAT RT (x86) = Debug|TwinCAT RT (x86)
		Release|TwinCAT OS (ARMV7-A) = Release|TwinCAT OS (ARMV7-A)
		Release|TwinCAT OS (ARMV7-M) = Release|TwinCAT OS (ARMV7-M)
		Release|TwinCAT OS (ARMV8-A) = Release|TwinCAT OS (ARMV8-A)
		Release|TwinCAT OS (x64) = Release|TwinCAT OS (x64)
		Release|TwinCAT RT (x64) = Release|TwinCAT RT (x64)
		Release|TwinCAT RT (x86) = Release|TwinCAT RT (x86)
	EndGlobalSection
	GlobalSection(ProjectConfigurationPlatforms) = postSolution
		{8204D287-F0E8-4618-B6D3-B5782B4F5137}.Debug|TwinCAT OS (ARMV7-A).ActiveCfg = Debug|TwinCAT OS (ARMV7-A)
		{8204D287-F0E8-4618-B6D3-B5782B4F5137}.Debug|TwinCAT OS (ARMV7-A).Build.0 = Debug|TwinCAT OS (ARMV7-A)
		{8204D287-F0E8-4618-B6D3-B5782B4F5137}.Debug|TwinCAT OS (ARMV7-M).ActiveCfg = Debug|TwinCAT OS (ARMV7-M)
		{8204D287-F0E8-4618-B6D3-B5782B4F5137}.Debug|TwinCAT OS (ARMV7-M).Build.0 = Debug|TwinCAT OS (ARMV7-M)
		{8204D287-F0E8-4618-B6D3-B5782B4F5137}.Debug|TwinCAT OS (ARMV8-A).ActiveCfg = Debug|TwinCAT OS (ARMV8-A)
		{8204D287-F0E8-4618-B6D3-B5782B4F5137}.Debug|TwinCAT OS (ARMV8-A).Build.0 = Debug|TwinCAT OS (ARMV8-A)
		{8204D287-F0E8-4618-B6D3-B5782B4F5137}.Debug|TwinCAT OS (x64).ActiveCfg = Debug|TwinCAT OS (x64)
		{8204D287-F0E8-4618-B6D3-B5782B4F5137}.Debug|TwinCAT OS (x64).Build.0 = Debug|TwinCAT OS (x64)
		{8204D287-F0E8-4618-B6D3-B5782B4F5137}.Debug|TwinCAT RT (x64).ActiveCfg = Debug|TwinCAT RT (x64)
		{8204D287-F0E8-4618-B6D3-B5782B4F5137}.Debug|TwinCAT RT (x64).Build.0 = Debug|TwinCAT RT (x64)
		{8204D287-F0E8-4618-B6D3-B5782B4F5137}.Debug|TwinCAT RT (x86).ActiveCfg = Debug|TwinCAT RT (x86)
		{8204D287-F0E8-4618-B6D3-B5782B4F5137}.Debug|TwinCAT RT (x86).Build.0 = Debug|TwinCAT RT (x86)
		{8204D287-F0E8-4618-B6D3-B5782B4F5137}.Release|TwinCAT OS (ARMV7-A).ActiveCfg = Release|TwinCAT OS (ARMV7-A)
		{8204D287-F0E8-4618-B6D3-B5782B4F5137}.Release|TwinCAT OS (ARMV7-A).Build.0 = Release|TwinCAT OS (ARMV7-A)
		{8204D287-F0E8-4618-B6D3-B5782B4F5137}.Release|TwinCAT OS (ARMV7-M).ActiveCfg = Release|TwinCAT OS (ARMV7-M)
		{8204D287-F0E8-4618-B6D3-B5782B4F5137}.Release|TwinCAT OS (ARMV7-M).Build.0 = Release|TwinCAT OS (ARMV7-M)
		{8204D287-F0E8-4618-B6D3-B5782B4F5137}.Release|TwinCAT OS (ARMV8-A).ActiveCfg = Release|TwinCAT OS (ARMV8-A)
		{8204D287-F0E8-4618-B6D3-B5782B4F5137}.Release|TwinCAT OS (ARMV8-A).Build.0 = Release|TwinCAT OS (ARMV8-A)
		{8204D287-F0E8-4618-B6D3-B5782B4F5137}.Release|TwinCAT OS (x64).ActiveCfg = Release|TwinCAT OS (x64)
		{8204D287-F0E8-4618-B6D3-B5782B4F5137}.Release|TwinCAT OS (x64).Build.0 = Release|TwinCAT OS (x64)
		{8204D287-F0E8-4618-B6D3-B5782B4F5137}.Release|TwinCAT RT (x64).ActiveCfg = Release|TwinCAT RT (x64)
		{8204D287-F0E8-4618-B6D3-B5782B4F5137}.Release|TwinCAT RT (x64).Build.0 = Release|TwinCAT RT (x64)
		{8204D287-F0E8-4618-B6D3-B5782B4F5137}.Release|TwinCAT RT (x86).ActiveCfg = Release|TwinCAT RT (x86)
		{8204D287-F0E8-4618-B6D3-B5782B4F5137}.Release|TwinCAT RT (x86).Build.0 = Release|TwinCAT RT (x86)
		{CA1FF934-BD33-4472-9CEC-EE76ACF88088}.Debug|TwinCAT OS (ARMV7-A).ActiveCfg = Debug|TwinCAT OS (ARMV7-A)
		{CA1FF934-BD33-4472-9CEC-EE76ACF88088}.Debug|TwinCAT OS (ARMV7-A).Build.0 = Debug|TwinCAT OS (ARMV7-A)
		{CA1FF934-BD33-4472-9CEC-EE76ACF88088}.Debug|TwinCAT OS (ARMV7-M).ActiveCfg = Debug|TwinCAT OS (ARMV7-M)
		{CA1FF934-BD33-4472-9CEC-EE76ACF88088}.Debug|TwinCAT OS (ARMV7-M).Build.0 = Debug|TwinCAT OS (ARMV7-M)
		{CA1FF934-BD33-4472-9CEC-EE76ACF88088}.Debug|TwinCAT OS (ARMV8-A).ActiveCfg = Debug|TwinCAT OS (ARMV8-A)
		{CA1FF934-BD33-4472-9CEC-EE76ACF88088}.Debug|TwinCAT OS (ARMV8-A).Build.0 = Debug|TwinCAT OS (ARMV8-A)
		{CA1FF934-BD33-4472-9CEC-EE76ACF88088}.Debug|TwinCAT OS (x64).ActiveCfg = Debug|TwinCAT OS (x64)
		{CA1FF934-BD33-4472-9CEC-EE76ACF88088}.Debug|TwinCAT OS (x64).Build.0 = Debug|TwinCAT OS (x64)
		{CA1FF934-BD33-4472-9CEC-EE76ACF88088}.Debug|TwinCAT RT (x64).ActiveCfg = Debug|TwinCAT RT (x64)
		{CA1FF934-BD33-4472-9CEC-EE76ACF88088}.Debug|TwinCAT RT (x64).Build.0 = Debug|TwinCAT RT (x64)
		{CA1FF934-BD33-4472-9CEC-EE76ACF88088}.Debug|TwinCAT RT (x86).ActiveCfg = Debug|TwinCAT RT (x86)
		{CA1FF934-BD33-4472-9CEC-EE76ACF88088}.Debug|TwinCAT RT (x86).Build.0 = Debug|TwinCAT RT (x86)
		{CA1FF934-BD33-4472-9CEC-EE76ACF88088}.Release|TwinCAT OS (ARMV7-A).ActiveCfg = Release|TwinCAT OS (ARMV7-A)
		{CA1FF934-BD33-4472-9CEC-EE76ACF88088}.Release|TwinCAT OS (ARMV7-A).Build.0 = Release|TwinCAT OS (ARMV7-A)
		{CA1FF934-BD33-4472-9CEC-EE76ACF88088}.Release|TwinCAT OS (ARMV7-M).ActiveCfg = Release|TwinCAT OS (ARMV7-M)
		{CA1FF934-BD33-4472-9CEC-EE76ACF88088}.Release|TwinCAT OS (ARMV7-M).Build.0 = Release|TwinCAT OS (ARMV7-M)
		{CA1FF934-BD33-4472-9CEC-EE76ACF88088}.Release|TwinCAT OS (ARMV8-A).ActiveCfg = Release|TwinCAT OS (ARMV8-A)
		{CA1FF934-BD33-4472-9CEC-EE76ACF88088}.Release|TwinCAT OS (ARMV8-A).Build.0 = Release|TwinCAT OS (ARMV8-A)
		{CA1FF934-BD33-4472-9CEC-EE76ACF88088}.Release|TwinCAT OS (x64).ActiveCfg = Release|TwinCAT OS (x64)
		{CA1FF934-BD33-4472-9CEC-EE76ACF88088}.Release|TwinCAT OS (x64).Build.0 = Release|TwinCAT OS (x64)
		{CA1FF934-BD33-4472-9CEC-EE76ACF88088}.Release|TwinCAT RT (x64).ActiveCfg = Release|TwinCAT RT (x64)
		{CA1FF934-BD33-4472-9CEC-EE76ACF88088}.Release|TwinCAT RT (x64).Build.0 = Release|TwinCAT RT (x64)
		{CA1FF934-BD33-4472-9CEC-EE76ACF88088}.Release|TwinCAT RT (x86).ActiveCfg = Release|TwinCAT RT (x86)
		{CA1FF934-BD33-4472-9CEC-EE76ACF88088}.Release|TwinCAT RT (x86).Build.0 = Release|TwinCAT RT (x86)
		{44AFE713-155B-42DC-9529-6BB08F0027E4}.Debug|TwinCAT OS (ARMV7-A).ActiveCfg = Debug|TwinCAT OS (ARMV7-A)
		{44AFE713-155B-42DC-9529-6BB08F0027E4}.Debug|TwinCAT OS (ARMV7-A).Build.0 = Debug|TwinCAT OS (ARMV7-A)
		{44AFE713-155B-42DC-9529-6BB08F0027E4}.Debug|TwinCAT OS (ARMV7-M).ActiveCfg = Debug|TwinCAT OS (ARMV7-M)
		{44AFE713-155B-42DC-9529-6BB08F0027E4}.Debug|TwinCAT OS (ARMV7-M).Build.0 = Debug|TwinCAT OS (ARMV7-M)
		{44AFE713-155B-42DC-9529-6BB08F0027E4}.Debug|TwinCAT OS (ARMV8-A).ActiveCfg = Debug|TwinCAT OS (ARMV8-A)
		{44AFE713-155B-42DC-9529-6BB08F0027E4}.Debug|TwinCAT OS (ARMV8-A).Build.0 = Debug|TwinCAT OS (ARMV8-A)
		{44AFE713-155B-42DC-9529-6BB08F0027E4}.Debug|TwinCAT OS (x64).ActiveCfg = Debug|TwinCAT OS (x64)
		{44AFE713-155B-42DC-9529-6BB08F0027E4}.Debug|TwinCAT OS (x64).Build.0 = Debug|TwinCAT OS (x64)
		{44AFE713-155B-42DC-9529-6BB08F0027E4}.Debug|TwinCAT RT (x64).ActiveCfg = Debug|TwinCAT RT (x64)
		{44AFE713-155B-42DC-9529-6BB08F0027E4}.Debug|TwinCAT RT (x64).Build.0 = Debug|TwinCAT RT (x64)
		{44AFE713-155B-42DC-9529-6BB08F0027E4}.Debug|TwinCAT RT (x86).ActiveCfg = Debug|TwinCAT RT (x86)
		{44AFE713-155B-42DC-9529-6BB08F0027E4}.Debug|TwinCAT RT (x86).Build.0 = Debug|TwinCAT RT (x86)
		{44AFE713-155B-42DC-9529-6BB08F0027E4}.Release|TwinCAT OS (ARMV7-A).ActiveCfg = Release|TwinCAT OS (ARMV7-A)
		{44AFE713-155B-42DC-9529-6BB08F0027E4}.Release|TwinCAT OS (ARMV7-A).Build.0 = Release|TwinCAT OS (ARMV7-A)
		{44AFE713-155B-42DC-9529-6BB08F0027E4}.Release|TwinCAT OS (ARMV7-M).ActiveCfg = Release|TwinCAT OS (ARMV7-M)
		{44AFE713-155B-42DC-9529-6BB08F0027E4}.Release|TwinCAT OS (ARMV7-M).Build.0 = Release|TwinCAT OS (ARMV7-M)
		{44AFE713-155B-42DC-9529-6BB08F0027E4}.Release|TwinCAT OS (ARMV8-A).ActiveCfg = Release|TwinCAT OS (ARMV8-A)
		{44AFE713-155B-42DC-9529-6BB08F0027E4}.Release|TwinCAT OS (ARMV8-A).Build.0 = Release|TwinCAT OS (ARMV8-A)
		{44AFE713-155B-42DC-9529-6BB08F0027E4}.Release|TwinCAT OS (x64).ActiveCfg = Release|TwinCAT OS (x64)
		{44AFE713-155B-42DC-9529-6BB08F0027E4}.Release|TwinCAT OS (x64).Build.0 = Release|TwinCAT OS (x64)
		{44AFE713-155B-42DC-9529-6BB08F0027E4}.Release|TwinCAT RT (x64).ActiveCfg = Release|TwinCAT RT (x64)
		{44AFE713-155B-42DC-9529-6BB08F0027E4}.Release|TwinCAT RT (x64).Build.0 = Release|TwinCAT RT (x64)
		{44AFE713-155B-42DC-9529-6BB08F0027E4}.Release|TwinCAT RT (x86).ActiveCfg = Release|TwinCAT RT (x86)
		{44AFE713-155B-42DC-9529-6BB08F0027E4}.Release|TwinCAT RT (x86).Build.0 = Release|TwinCAT RT (x86)
		{2D11FEE2-AF73-4134-9CEF-CF3221FCF326}.Debug|TwinCAT OS (ARMV7-A).ActiveCfg = Debug|TwinCAT OS (ARMV7-A)
		{2D11FEE2-AF73-4134-9CEF-CF3221FCF326}.Debug|TwinCAT OS (ARMV7-A).Build.0 = Debug|TwinCAT OS (ARMV7-A)
		{2D11FEE2-AF73-4134-9CEF-CF3221FCF326}.Debug|TwinCAT OS (ARMV7-M).ActiveCfg = Debug|TwinCAT OS (ARMV7-M)
		{2D11FEE2-AF73-4134-9CEF-CF3221FCF326}.Debug|TwinCAT OS (ARMV7-M).Build.0 = Debug|TwinCAT OS (ARMV7-M)
		{2D11FEE2-AF73-4134-9CEF-CF3221FCF326}.Debug|TwinCAT OS (ARMV8-A).ActiveCfg = Debug|TwinCAT OS (ARMV8-A)
		{2D11FEE2-AF73-4134-9CEF-CF3221FCF326}.Debug|TwinCAT OS (ARMV8-A).Build.0 = Debug|TwinCAT OS (ARMV8-A)
		{2D11FEE2-AF73-4134-9CEF-CF3221FCF326}.Debug|TwinCAT OS (x64).ActiveCfg = Debug|TwinCAT OS (x64)
		{2D11FEE2-AF73-4134-9CEF-CF3221FCF326}.Debug|TwinCAT OS (x64).Build.0 = Debug|TwinCAT OS (x64)
		{2D11FEE2-AF73-4134-9CEF-CF3221FCF326}.Debug|TwinCAT RT (x64).ActiveCfg = Debug|TwinCAT RT (x64)
		{2D11FEE2-AF73-4134-9CEF-CF3221FCF326}.Debug|TwinCAT RT (x64).Build.0 = Debug|TwinCAT RT (x64)
		{2D11FEE2-AF73-4134-9CEF-CF3221FCF326}.Debug|TwinCAT RT (x86).ActiveCfg = Debug|TwinCAT RT (x86)
		{2D11FEE2-AF73-4134-9CEF-CF3221FCF326}.Debug|TwinCAT RT (x86).Build.0 = Debug|TwinCAT RT (x86)
		{2D11FEE2-AF73-4134-9CEF-CF3221FCF326}.Release|TwinCAT OS (ARMV7-A).ActiveCfg = Release|TwinCAT OS (ARMV7-A)
		{2D11FEE2-AF73-4134-9CEF-CF3221FCF326}.Release|TwinCAT OS (ARMV7-A).Build.0 = Release|TwinCAT OS (ARMV7-A)
		{2D11FEE2-AF73-4134-9CEF-CF3221FCF326}.Release|TwinCAT OS (ARMV7-M).ActiveCfg = Release|TwinCAT OS (ARMV7-M)
		{2D11FEE2-AF73-4134-9CEF-CF3221FCF326}.Release|TwinCAT OS (ARMV7-M).Build.0 = Release|TwinCAT OS (ARMV7-M)
		{2D11FEE2-AF73-4134-9CEF-CF3221FCF326}.Release|TwinCAT OS (ARMV8-A).ActiveCfg = Release|TwinCAT OS (ARMV8-A)
		{2D11FEE2-AF73-4134-9CEF-CF3221FCF326}.Release|TwinCAT OS (ARMV8-A).Build.0 = Release|TwinCAT OS (ARMV8-A)
		{2D11FEE2-AF73-4134-9CEF-CF3221FCF326}.Release|TwinCAT OS (x64).ActiveCfg = Release|TwinCAT OS (x64)
		{2D11FEE2-AF73-4134-9CEF-CF3221FCF326}.Release|TwinCAT OS (x64).Build.0 = Release|TwinCAT OS (x64)
		{2D11FEE2-AF73-4134-9CEF-CF3221FCF326}.Release|TwinCAT RT (x64).ActiveCfg = Release|TwinCAT RT (x64)
		{2D11FEE2-AF73-4134-9CEF-CF3221FCF326}.Release|TwinCAT RT (x64).Build.0 = Release|TwinCAT RT (x64)
		{2D11FEE2-AF73-4134-9CEF-CF3221FCF326}.Release|TwinCAT RT (x86).ActiveCfg = Release|TwinCAT RT (x86)
		{2D11FEE2-AF73-4134-9CEF-CF3221FCF326}.Release|TwinCAT RT (x86).Build.0 = Release|TwinCAT RT (x86)
	EndGlobalSection
	GlobalSection(SolutionProperties) = preSolution
		HideSolutionNode = FALSE
	EndGlobalSection
	GlobalSection(ExtensibilityGlobals) = postSolution
		SolutionGuid = {EB64A915-7437-4600-B585-F0A4E7E7B3DD}
	EndGlobalSection
EndGlobal
